// !$*UTF8*$!
{
	archiveVersion = 1;
	classes = {
	};
	objectVersion = 46;
	objects = {

/* Begin PBXBuildFile section */
		EF0E92B01DAA4A2900AA0F8D /* ViewController.m in Sources */ = {isa = PBXBuildFile; fileRef = EF0E92AE1DAA4A2900AA0F8D /* ViewController.m */; };
		EF0E92B11DAA4A2900AA0F8D /* Main.storyboard in Resources */ = {isa = PBXBuildFile; fileRef = EF0E92AF1DAA4A2900AA0F8D /* Main.storyboard */; };
		EF1D75181DA94527004B0C48 /* main.m in Sources */ = {isa = PBXBuildFile; fileRef = EF1D75171DA94527004B0C48 /* main.m */; };
		EF1D751B1DA94527004B0C48 /* AppDelegate.m in Sources */ = {isa = PBXBuildFile; fileRef = EF1D751A1DA94527004B0C48 /* AppDelegate.m */; };
		EF1D75231DA94527004B0C48 /* Assets.xcassets in Resources */ = {isa = PBXBuildFile; fileRef = EF1D75221DA94527004B0C48 /* Assets.xcassets */; };
		EF1D75261DA94527004B0C48 /* LaunchScreen.storyboard in Resources */ = {isa = PBXBuildFile; fileRef = EF1D75241DA94527004B0C48 /* LaunchScreen.storyboard */; };
		EF1D75311DA94527004B0C48 /* ____Tests.m in Sources */ = {isa = PBXBuildFile; fileRef = EF1D75301DA94527004B0C48 /* ____Tests.m */; };
		EF1D753C1DA94527004B0C48 /* ____UITests.m in Sources */ = {isa = PBXBuildFile; fileRef = EF1D753B1DA94527004B0C48 /* ____UITests.m */; };
/* End PBXBuildFile section */

/* Begin PBXContainerItemProxy section */
		EF1D752D1DA94527004B0C48 /* PBXContainerItemProxy */ = {
			isa = PBXContainerItemProxy;
			containerPortal = EF1D750B1DA94527004B0C48 /* Project object */;
			proxyType = 1;
			remoteGlobalIDString = EF1D75121DA94527004B0C48;
			remoteInfo = "编辑删除";
		};
		EF1D75381DA94527004B0C48 /* PBXContainerItemProxy */ = {
			isa = PBXContainerItemProxy;
			containerPortal = EF1D750B1DA94527004B0C48 /* Project object */;
			proxyType = 1;
			remoteGlobalIDString = EF1D75121DA94527004B0C48;
			remoteInfo = "编辑删除";
		};
/* End PBXContainerItemProxy section */

/* Begin PBXFileReference section */
		EF0E92AD1DAA4A2900AA0F8D /* ViewController.h */ = {isa = PBXFileReference; fileEncoding = 4; lastKnownFileType = sourcecode.c.h; path = ViewController.h; sourceTree = "<group>"; };
		EF0E92AE1DAA4A2900AA0F8D /* ViewController.m */ = {isa = PBXFileReference; fileEncoding = 4; lastKnownFileType = sourcecode.c.objc; path = ViewController.m; sourceTree = "<group>"; };
		EF0E92AF1DAA4A2900AA0F8D /* Main.storyboard */ = {isa = PBXFileReference; fileEncoding = 4; lastKnownFileType = file.storyboard; path = Main.storyboard; sourceTree = "<group>"; };
		EF1D75131DA94527004B0C48 /* 编辑删除.app */ = {isa = PBXFileReference; explicitFileType = wrapper.application; includeInIndex = 0; path = "编辑删除.app"; sourceTree = BUILT_PRODUCTS_DIR; };
		EF1D75171DA94527004B0C48 /* main.m */ = {isa = PBXFileReference; lastKnownFileType = sourcecode.c.objc; path = main.m; sourceTree = "<group>"; };
		EF1D75191DA94527004B0C48 /* AppDelegate.h */ = {isa = PBXFileReference; lastKnownFileType = sourcecode.c.h; path = AppDelegate.h; sourceTree = "<group>"; };
		EF1D751A1DA94527004B0C48 /* AppDelegate.m */ = {isa = PBXFileReference; lastKnownFileType = sourcecode.c.objc; path = AppDelegate.m; sourceTree = "<group>"; };
		EF1D75221DA94527004B0C48 /* Assets.xcassets */ = {isa = PBXFileReference; lastKnownFileType = folder.assetcatalog; path = Assets.xcassets; sourceTree = "<group>"; };
		EF1D75251DA94527004B0C48 /* Base */ = {isa = PBXFileReference; lastKnownFileType = file.storyboard; name = Base; path = Base.lproj/LaunchScreen.storyboard; sourceTree = "<group>"; };
		EF1D75271DA94527004B0C48 /* Info.plist */ = {isa = PBXFileReference; lastKnownFileType = text.plist.xml; path = Info.plist; sourceTree = "<group>"; };
		EF1D752C1DA94527004B0C48 /* 编辑删除Tests.xctest */ = {isa = PBXFileReference; explicitFileType = wrapper.cfbundle; includeInIndex = 0; path = "编辑删除Tests.xctest"; sourceTree = BUILT_PRODUCTS_DIR; };
		EF1D75301DA94527004B0C48 /* ____Tests.m */ = {isa = PBXFileReference; lastKnownFileType = sourcecode.c.objc; path = "____Tests.m"; sourceTree = "<group>"; };
		EF1D75321DA94527004B0C48 /* Info.plist */ = {isa = PBXFileReference; lastKnownFileType = text.plist.xml; path = Info.plist; sourceTree = "<group>"; };
		EF1D75371DA94527004B0C48 /* 编辑删除UITests.xctest */ = {isa = PBXFileReference; explicitFileType = wrapper.cfbundle; includeInIndex = 0; path = "编辑删除UITests.xctest"; sourceTree = BUILT_PRODUCTS_DIR; };
		EF1D753B1DA94527004B0C48 /* ____UITests.m */ = {isa = PBXFileReference; lastKnownFileType = sourcecode.c.objc; path = "____UITests.m"; sourceTree = "<group>"; };
		EF1D753D1DA94527004B0C48 /* Info.plist */ = {isa = PBXFileReference; lastKnownFileType = text.plist.xml; path = Info.plist; sourceTree = "<group>"; };
/* End PBXFileReference section */

/* Begin PBXFrameworksBuildPhase section */
		EF1D75101DA94527004B0C48 /* Frameworks */ = {
			isa = PBXFrameworksBuildPhase;
			buildActionMask = 2147483647;
			files = (
			);
			runOnlyForDeploymentPostprocessing = 0;
		};
		EF1D75291DA94527004B0C48 /* Frameworks */ = {
			isa = PBXFrameworksBuildPhase;
			buildActionMask = 2147483647;
			files = (
			);
			runOnlyForDeploymentPostprocessing = 0;
		};
		EF1D75341DA94527004B0C48 /* Frameworks */ = {
			isa = PBXFrameworksBuildPhase;
			buildActionMask = 2147483647;
			files = (
			);
			runOnlyForDeploymentPostprocessing = 0;
		};
/* End PBXFrameworksBuildPhase section */

/* Begin PBXGroup section */
		EF1D750A1DA94527004B0C48 = {
			isa = PBXGroup;
			children = (
				EF1D75151DA94527004B0C48 /* 编辑删除 */,
				EF1D752F1DA94527004B0C48 /* 编辑删除Tests */,
				EF1D753A1DA94527004B0C48 /* 编辑删除UITests */,
				EF1D75141DA94527004B0C48 /* Products */,
			);
			sourceTree = "<group>";
		};
		EF1D75141DA94527004B0C48 /* Products */ = {
			isa = PBXGroup;
			children = (
				EF1D75131DA94527004B0C48 /* 编辑删除.app */,
				EF1D752C1DA94527004B0C48 /* 编辑删除Tests.xctest */,
				EF1D75371DA94527004B0C48 /* 编辑删除UITests.xctest */,
			);
			name = Products;
			sourceTree = "<group>";
		};
		EF1D75151DA94527004B0C48 /* 编辑删除 */ = {
			isa = PBXGroup;
			children = (
				EF1D75191DA94527004B0C48 /* AppDelegate.h */,
				EF1D751A1DA94527004B0C48 /* AppDelegate.m */,
				EF0E92AD1DAA4A2900AA0F8D /* ViewController.h */,
				EF0E92AE1DAA4A2900AA0F8D /* ViewController.m */,
				EF0E92AF1DAA4A2900AA0F8D /* Main.storyboard */,
				EF1D75221DA94527004B0C48 /* Assets.xcassets */,
				EF1D75241DA94527004B0C48 /* LaunchScreen.storyboard */,
				EF1D75271DA94527004B0C48 /* Info.plist */,
				EF1D75161DA94527004B0C48 /* Supporting Files */,
			);
			path = "编辑删除";
			sourceTree = "<group>";
		};
		EF1D75161DA94527004B0C48 /* Supporting Files */ = {
			isa = PBXGroup;
			children = (
				EF1D75171DA94527004B0C48 /* main.m */,
			);
			name = "Supporting Files";
			sourceTree = "<group>";
		};
		EF1D752F1DA94527004B0C48 /* 编辑删除Tests */ = {
			isa = PBXGroup;
			children = (
				EF1D75301DA94527004B0C48 /* ____Tests.m */,
				EF1D75321DA94527004B0C48 /* Info.plist */,
			);
			path = "编辑删除Tests";
			sourceTree = "<group>";
		};
		EF1D753A1DA94527004B0C48 /* 编辑删除UITests */ = {
			isa = PBXGroup;
			children = (
				EF1D753B1DA94527004B0C48 /* ____UITests.m */,
				EF1D753D1DA94527004B0C48 /* Info.plist */,
			);
			path = "编辑删除UITests";
			sourceTree = "<group>";
		};
/* End PBXGroup section */

/* Begin PBXNativeTarget section */
		EF1D75121DA94527004B0C48 /* 编辑删除 */ = {
			isa = PBXNativeTarget;
			buildConfigurationList = EF1D75401DA94527004B0C48 /* Build configuration list for PBXNativeTarget "编辑删除" */;
			buildPhases = (
				EF1D750F1DA94527004B0C48 /* Sources */,
				EF1D75101DA94527004B0C48 /* Frameworks */,
				EF1D75111DA94527004B0C48 /* Resources */,
			);
			buildRules = (
			);
			dependencies = (
			);
			name = "编辑删除";
			productName = "编辑删除";
			productReference = EF1D75131DA94527004B0C48 /* 编辑删除.app */;
			productType = "com.apple.product-type.application";
		};
		EF1D752B1DA94527004B0C48 /* 编辑删除Tests */ = {
			isa = PBXNativeTarget;
			buildConfigurationList = EF1D75431DA94527004B0C48 /* Build configuration list for PBXNativeTarget "编辑删除Tests" */;
			buildPhases = (
				EF1D75281DA94527004B0C48 /* Sources */,
				EF1D75291DA94527004B0C48 /* Frameworks */,
				EF1D752A1DA94527004B0C48 /* Resources */,
			);
			buildRules = (
			);
			dependencies = (
				EF1D752E1DA94527004B0C48 /* PBXTargetDependency */,
			);
			name = "编辑删除Tests";
			productName = "编辑删除Tests";
			productReference = EF1D752C1DA94527004B0C48 /* 编辑删除Tests.xctest */;
			productType = "com.apple.product-type.bundle.unit-test";
		};
		EF1D75361DA94527004B0C48 /* 编辑删除UITests */ = {
			isa = PBXNativeTarget;
			buildConfigurationList = EF1D75461DA94527004B0C48 /* Build configuration list for PBXNativeTarget "编辑删除UITests" */;
			buildPhases = (
				EF1D75331DA94527004B0C48 /* Sources */,
				EF1D75341DA94527004B0C48 /* Frameworks */,
				EF1D75351DA94527004B0C48 /* Resources */,
			);
			buildRules = (
			);
			dependencies = (
				EF1D75391DA94527004B0C48 /* PBXTargetDependency */,
			);
			name = "编辑删除UITests";
			productName = "编辑删除UITests";
			productReference = EF1D75371DA94527004B0C48 /* 编辑删除UITests.xctest */;
			productType = "com.apple.product-type.bundle.ui-testing";
		};
/* End PBXNativeTarget section */

/* Begin PBXProject section */
		EF1D750B1DA94527004B0C48 /* Project object */ = {
			isa = PBXProject;
			attributes = {
				LastUpgradeCheck = 0730;
				ORGANIZATIONNAME = strong;
				TargetAttributes = {
					EF1D75121DA94527004B0C48 = {
						CreatedOnToolsVersion = 7.3.1;
						DevelopmentTeam = Q732LNC2S7;
					};
					EF1D752B1DA94527004B0C48 = {
						CreatedOnToolsVersion = 7.3.1;
						DevelopmentTeam = Q732LNC2S7;
						TestTargetID = EF1D75121DA94527004B0C48;
					};
					EF1D75361DA94527004B0C48 = {
						CreatedOnToolsVersion = 7.3.1;
						DevelopmentTeam = Q732LNC2S7;
						TestTargetID = EF1D75121DA94527004B0C48;
					};
				};
			};
			buildConfigurationList = EF1D750E1DA94527004B0C48 /* Build configuration list for PBXProject "编辑删除" */;
			compatibilityVersion = "Xcode 3.2";
			developmentRegion = English;
			hasScannedForEncodings = 0;
			knownRegions = (
				en,
				Base,
			);
			mainGroup = EF1D750A1DA94527004B0C48;
			productRefGroup = EF1D75141DA94527004B0C48 /* Products */;
			projectDirPath = "";
			projectRoot = "";
			targets = (
				EF1D75121DA94527004B0C48 /* 编辑删除 */,
				EF1D752B1DA94527004B0C48 /* 编辑删除Tests */,
				EF1D75361DA94527004B0C48 /* 编辑删除UITests */,
			);
		};
/* End PBXProject section */

/* Begin PBXResourcesBuildPhase section */
		EF1D75111DA94527004B0C48 /* Resources */ = {
			isa = PBXResourcesBuildPhase;
			buildActionMask = 2147483647;
			files = (
				EF0E92B11DAA4A2900AA0F8D /* Main.storyboard in Resources */,
				EF1D75261DA94527004B0C48 /* LaunchScreen.storyboard in Resources */,
				EF1D75231DA94527004B0C48 /* Assets.xcassets in Resources */,
			);
			runOnlyForDeploymentPostprocessing = 0;
		};
		EF1D752A1DA94527004B0C48 /* Resources */ = {
			isa = PBXResourcesBuildPhase;
			buildActionMask = 2147483647;
			files = (
			);
			runOnlyForDeploymentPostprocessing = 0;
		};
		EF1D75351DA94527004B0C48 /* Resources */ = {
			isa = PBXResourcesBuildPhase;
			buildActionMask = 2147483647;
			files = (
			);
			runOnlyForDeploymentPostprocessing = 0;
		};
/* End PBXResourcesBuildPhase section */

/* Begin PBXSourcesBuildPhase section */
		EF1D750F1DA94527004B0C48 /* Sources */ = {
			isa = PBXSourcesBuildPhase;
			buildActionMask = 2147483647;
			files = (
				EF0E92B01DAA4A2900AA0F8D /* ViewController.m in Sources */,
				EF1D751B1DA94527004B0C48 /* AppDelegate.m in Sources */,
				EF1D75181DA94527004B0C48 /* main.m in Sources */,
			);
			runOnlyForDeploymentPostprocessing = 0;
		};
		EF1D75281DA94527004B0C48 /* Sources */ = {
			isa = PBXSourcesBuildPhase;
			buildActionMask = 2147483647;
			files = (
				EF1D75311DA94527004B0C48 /* ____Tests.m in Sources */,
			);
			runOnlyForDeploymentPostprocessing = 0;
		};
		EF1D75331DA94527004B0C48 /* Sources */ = {
			isa = PBXSourcesBuildPhase;
			buildActionMask = 2147483647;
			files = (
				EF1D753C1DA94527004B0C48 /* ____UITests.m in Sources */,
			);
			runOnlyForDeploymentPostprocessing = 0;
		};
/* End PBXSourcesBuildPhase section */

/* Begin PBXTargetDependency section */
		EF1D752E1DA94527004B0C48 /* PBXTargetDependency */ = {
			isa = PBXTargetDependency;
			target = EF1D75121DA94527004B0C48 /* 编辑删除 */;
			targetProxy = EF1D752D1DA94527004B0C48 /* PBXContainerItemProxy */;
		};
		EF1D75391DA94527004B0C48 /* PBXTargetDependency */ = {
			isa = PBXTargetDependency;
			target = EF1D75121DA94527004B0C48 /* 编辑删除 */;
			targetProxy = EF1D75381DA94527004B0C48 /* PBXContainerItemProxy */;
		};
/* End PBXTargetDependency section */

/* Begin PBXVariantGroup section */
		EF1D75241DA94527004B0C48 /* LaunchScreen.storyboard */ = {
			isa = PBXVariantGroup;
			children = (
				EF1D75251DA94527004B0C48 /* Base */,
			);
			name = LaunchScreen.storyboard;
			sourceTree = "<group>";
		};
/* End PBXVariantGroup section */

/* Begin XCBuildConfiguration section */
		EF1D753E1DA94527004B0C48 /* Debug */ = {
			isa = XCBuildConfiguration;
			buildSettings = {
				ALWAYS_SEARCH_USER_PATHS = NO;
				CLANG_ANALYZER_NONNULL = YES;
				CLANG_CXX_LANGUAGE_STANDARD = "gnu++0x";
				CLANG_CXX_LIBRARY = "libc++";
				CLANG_ENABLE_MODULES = YES;
				CLANG_ENABLE_OBJC_ARC = YES;
				CLANG_WARN_BOOL_CONVERSION = YES;
				CLANG_WARN_CONSTANT_CONVERSION = YES;
				CLANG_WARN_DIRECT_OBJC_ISA_USAGE = YES_ERROR;
				CLANG_WARN_EMPTY_BODY = YES;
				CLANG_WARN_ENUM_CONVERSION = YES;
				CLANG_WARN_INT_CONVERSION = YES;
				CLANG_WARN_OBJC_ROOT_CLASS = YES_ERROR;
				CLANG_WARN_UNREACHABLE_CODE = YES;
				CLANG_WARN__DUPLICATE_METHOD_MATCH = YES;
				"CODE_SIGN_IDENTITY[sdk=iphoneos*]" = "iPhone Developer";
				COPY_PHASE_STRIP = NO;
				DEBUG_INFORMATION_FORMAT = dwarf;
				ENABLE_STRICT_OBJC_MSGSEND = YES;
				ENABLE_TESTABILITY = YES;
				GCC_C_LANGUAGE_STANDARD = gnu99;
				GCC_DYNAMIC_NO_PIC = NO;
				GCC_NO_COMMON_BLOCKS = YES;
				GCC_OPTIMIZATION_LEVEL = 0;
				GCC_PREPROCESSOR_DEFINITIONS = (
					"DEBUG=1",
					"$(inherited)",
				);
				GCC_WARN_64_TO_32_BIT_CONVERSION = YES;
				GCC_WARN_ABOUT_RETURN_TYPE = YES_ERROR;
				GCC_WARN_UNDECLARED_SELECTOR = YES;
				GCC_WARN_UNINITIALIZED_AUTOS = YES_AGGRESSIVE;
				GCC_WARN_UNUSED_FUNCTION = YES;
				GCC_WARN_UNUSED_VARIABLE = YES;
				IPHONEOS_DEPLOYMENT_TARGET = 9.3;
				MTL_ENABLE_DEBUG_INFO = YES;
				ONLY_ACTIVE_ARCH = YES;
				SDKROOT = iphoneos;
				TARGETED_DEVICE_FAMILY = "1,2";
			};
			name = Debug;
		};
		EF1D753F1DA94527004B0C48 /* Release */ = {
			isa = XCBuildConfiguration;
			buildSettings = {
				ALWAYS_SEARCH_USER_PATHS = NO;
				CLANG_ANALYZER_NONNULL = YES;
				CLANG_CXX_LANGUAGE_STANDARD = "gnu++0x";
				CLANG_CXX_LIBRARY = "libc++";
				CLANG_ENABLE_MODULES = YES;
				CLANG_ENABLE_OBJC_ARC = YES;
				CLANG_WARN_BOOL_CONVERSION = YES;
				CLANG_WARN_CONSTANT_CONVERSION = YES;
				CLANG_WARN_DIRECT_OBJC_ISA_USAGE = YES_ERROR;
				CLANG_WARN_EMPTY_BODY = YES;
				CLANG_WARN_ENUM_CONVERSION = YES;
				CLANG_WARN_INT_CONVERSION = YES;
				CLANG_WARN_OBJC_ROOT_CLASS = YES_ERROR;
				CLANG_WARN_UNREACHABLE_CODE = YES;
				CLANG_WARN__DUPLICATE_METHOD_MATCH = YES;
				"CODE_SIGN_IDENTITY[sdk=iphoneos*]" = "iPhone Developer";
				COPY_PHASE_STRIP = NO;
				DEBUG_INFORMATION_FORMAT = "dwarf-with-dsym";
				ENABLE_NS_ASSERTIONS = NO;
				ENABLE_STRICT_OBJC_MSGSEND = YES;
				GCC_C_LANGUAGE_STANDARD = gnu99;
				GCC_NO_COMMON_BLOCKS = YES;
				GCC_WARN_64_TO_32_BIT_CONVERSION = YES;
				GCC_WARN_ABOUT_RETURN_TYPE = YES_ERROR;
				GCC_WARN_UNDECLARED_SELECTOR = YES;
				GCC_WARN_UNINITIALIZED_AUTOS = YES_AGGRESSIVE;
				GCC_WARN_UNUSED_FUNCTION = YES;
				GCC_WARN_UNUSED_VARIABLE = YES;
				IPHONEOS_DEPLOYMENT_TARGET = 9.3;
				MTL_ENABLE_DEBUG_INFO = NO;
				SDKROOT = iphoneos;
				TARGETED_DEVICE_FAMILY = "1,2";
				VALIDATE_PRODUCT = YES;
			};
			name = Release;
		};
		EF1D75411DA94527004B0C48 /* Debug */ = {
			isa = XCBuildConfiguration;
			buildSettings = {
				ASSETCATALOG_COMPILER_APPICON_NAME = AppIcon;
				INFOPLIST_FILE = "编辑删除/Info.plist";
				LD_RUNPATH_SEARCH_PATHS = "$(inherited) @executable_path/Frameworks";
				PRODUCT_BUNDLE_IDENTIFIER = "cn.gomro.----";
				PRODUCT_NAME = "$(TARGET_NAME)";
			};
			name = Debug;
		};
		EF1D75421DA94527004B0C48 /* Release */ = {
			isa = XCBuildConfiguration;
			buildSettings = {
				ASSETCATALOG_COMPILER_APPICON_NAME = AppIcon;
				INFOPLIST_FILE = "编辑删除/Info.plist";
				LD_RUNPATH_SEARCH_PATHS = "$(inherited) @executable_path/Frameworks";
				PRODUCT_BUNDLE_IDENTIFIER = "cn.gomro.----";
				PRODUCT_NAME = "$(TARGET_NAME)";
			};
			name = Release;
		};
		EF1D75441DA94527004B0C48 /* Debug */ = {
			isa = XCBuildConfiguration;
			buildSettings = {
				BUNDLE_LOADER = "$(TEST_HOST)";
				INFOPLIST_FILE = "编辑删除Tests/Info.plist";
				LD_RUNPATH_SEARCH_PATHS = "$(inherited) @executable_path/Frameworks @loader_path/Frameworks";
				PRODUCT_BUNDLE_IDENTIFIER = "cn.gomro.----Tests";
				PRODUCT_NAME = "$(TARGET_NAME)";
				TEST_HOST = "$(BUILT_PRODUCTS_DIR)/编辑删除.app/编辑删除";
			};
			name = Debug;
		};
		EF1D75451DA94527004B0C48 /* Release */ = {
			isa = XCBuildConfiguration;
			buildSettings = {
				BUNDLE_LOADER = "$(TEST_HOST)";
				INFOPLIST_FILE = "编辑删除Tests/Info.plist";
				LD_RUNPATH_SEARCH_PATHS = "$(inherited) @executable_path/Frameworks @loader_path/Frameworks";
				PRODUCT_BUNDLE_IDENTIFIER = "cn.gomro.----Tests";
				PRODUCT_NAME = "$(TARGET_NAME)";
				TEST_HOST = "$(BUILT_PRODUCTS_DIR)/编辑删除.app/编辑删除";
			};
			name = Release;
		};
		EF1D75471DA94527004B0C48 /* Debug */ = {
			isa = XCBuildConfiguration;
			buildSettings = {
				INFOPLIST_FILE = "编辑删除UITests/Info.plist";
				LD_RUNPATH_SEARCH_PATHS = "$(inherited) @executable_path/Frameworks @loader_path/Frameworks";
				PRODUCT_BUNDLE_IDENTIFIER = "cn.gomro.----UITests";
				PRODUCT_NAME = "$(TARGET_NAME)";
				TEST_TARGET_NAME = "编辑删除";
			};
			name = Debug;
		};
		EF1D75481DA94527004B0C48 /* Release */ = {
			isa = XCBuildConfiguration;
			buildSettings = {
				INFOPLIST_FILE = "编辑删除UITests/Info.plist";
				LD_RUNPATH_SEARCH_PATHS = "$(inherited) @executable_path/Frameworks @loader_path/Frameworks";
				PRODUCT_BUNDLE_IDENTIFIER = "cn.gomro.----UITests";
				PRODUCT_NAME = "$(TARGET_NAME)";
				TEST_TARGET_NAME = "编辑删除";
			};
			name = Release;
		};
/* End XCBuildConfiguration section */

/* Begin XCConfigurationList section */
		EF1D750E1DA94527004B0C48 /* Build configuration list for PBXProject "编辑删除" */ = {
			isa = XCConfigurationList;
			buildConfigurations = (
				EF1D753E1DA94527004B0C48 /* Debug */,
				EF1D753F1DA94527004B0C48 /* Release */,
			);
			defaultConfigurationIsVisible = 0;
			defaultConfigurationName = Release;
		};
		EF1D75401DA94527004B0C48 /* Build configuration list for PBXNativeTarget "编辑删除" */ = {
			isa = XCConfigurationList;
			buildConfigurations = (
				EF1D75411DA94527004B0C48 /* Debug */,
				EF1D75421DA94527004B0C48 /* Release */,
			);
			defaultConfigurationIsVisible = 0;
			defaultConfigurationName = Release;
		};
		EF1D75431DA94527004B0C48 /* Build configuration list for PBXNativeTarget "编辑删除Tests" */ = {
			isa = XCConfigurationList;
			buildConfigurations = (
				EF1D75441DA94527004B0C48 /* Debug */,
				EF1D75451DA94527004B0C48 /* Release */,
			);
			defaultConfigurationIsVisible = 0;
			defaultConfigurationName = Release;
		};
		EF1D75461DA94527004B0C48 /* Build configuration list for PBXNativeTarget "编辑删除UITests" */ = {
			isa = XCConfigurationList;
			buildConfigurations = (
				EF1D75471DA94527004B0C48 /* Debug */,
				EF1D75481DA94527004B0C48 /* Release */,
			);
			defaultConfigurationIsVisible = 0;
			defaultConfigurationName = Release;
		};
/* End XCConfigurationList section */
	};
	rootObject = EF1D750B1DA94527004B0C48 /* Project object */;
}
